{
    "_meta": {
        "hash": {
            "sha256": "3107942db336d1e743dcfb7f981a21017ece0e808683bea3cbc8abab26b52d5f"
        },
        "pipfile-spec": 6,
        "requires": {
            "python_version": "3.10"
        },
        "sources": [
            {
                "name": "pypi",
                "url": "https://pypi.org/simple",
                "verify_ssl": true
            }
        ]
    },
    "default": {
        "attrs": {
            "hashes": [
                "sha256:2d27e3784d7a565d36ab851fe94887c5eccd6a463168875832a1be79c82828b4",
                "sha256:626ba8234211db98e869df76230a137c4c40a12d72445c45d5f5b716f076e2fd"
            ],
            "markers": "python_version >= '2.7' and python_version not in '3.0, 3.1, 3.2, 3.3, 3.4'",
            "version": "==21.4.0"
        },
        "iniconfig": {
            "hashes": [
                "sha256:011e24c64b7f47f6ebd835bb12a743f2fbe9a26d4cecaa7f53bc4f35ee9da8b3",
                "sha256:bc3af051d7d14b2ee5ef9969666def0cd1a000e121eaea580d4a313df4b37f32"
            ],
            "version": "==1.1.1"
        },
        "packaging": {
            "hashes": [
                "sha256:dd47c42927d89ab911e606518907cc2d3a1f38bbd026385970643f9c5b8ecfeb",
                "sha256:ef103e05f519cdc783ae24ea4e2e0f508a9c99b2d4969652eed6a2e1ea5bd522"
            ],
            "markers": "python_version >= '3.6'",
            "version": "==21.3"
        },
        "pluggy": {
            "hashes": [
                "sha256:4224373bacce55f955a878bf9cfa763c1e360858e330072059e10bad68531159",
                "sha256:74134bbf457f031a36d68416e1509f34bd5ccc019f0bcc952c7b909d06b37bd3"
            ],
            "markers": "python_version >= '3.6'",
            "version": "==1.0.0"
        },
        "py": {
            "hashes": [
                "sha256:51c75c4126074b472f746a24399ad32f6053d1b34b68d2fa41e558e6f4a98719",
                "sha256:607c53218732647dff4acdfcd50cb62615cedf612e72d1724fb1a0cc6405b378"
            ],
            "markers": "python_version >= '2.7' and python_version not in '3.0, 3.1, 3.2, 3.3, 3.4'",
            "version": "==1.11.0"
        },
        "pydantic": {
            "hashes": [
                "sha256:085ca1de245782e9b46cefcf99deecc67d418737a1fd3f6a4f511344b613a5b3",
                "sha256:086254884d10d3ba16da0588604ffdc5aab3f7f09557b998373e885c690dd398",
                "sha256:0b6037175234850ffd094ca77bf60fb54b08b5b22bc85865331dd3bda7a02fa1",
                "sha256:0fe476769acaa7fcddd17cadd172b156b53546ec3614a4d880e5d29ea5fbce65",
                "sha256:1d5278bd9f0eee04a44c712982343103bba63507480bfd2fc2790fa70cd64cf4",
                "sha256:2cc6a4cb8a118ffec2ca5fcb47afbacb4f16d0ab8b7350ddea5e8ef7bcc53a16",
                "sha256:2ee7e3209db1e468341ef41fe263eb655f67f5c5a76c924044314e139a1103a2",
                "sha256:3011b975c973819883842c5ab925a4e4298dffccf7782c55ec3580ed17dc464c",
                "sha256:3c3b035103bd4e2e4a28da9da7ef2fa47b00ee4a9cf4f1a735214c1bcd05e0f6",
                "sha256:4c68c3bc88dbda2a6805e9a142ce84782d3930f8fdd9655430d8576315ad97ce",
                "sha256:574936363cd4b9eed8acdd6b80d0143162f2eb654d96cb3a8ee91d3e64bf4cf9",
                "sha256:5a79330f8571faf71bf93667d3ee054609816f10a259a109a0738dac983b23c3",
                "sha256:5e48ef4a8b8c066c4a31409d91d7ca372a774d0212da2787c0d32f8045b1e034",
                "sha256:6c5b77947b9e85a54848343928b597b4f74fc364b70926b3c4441ff52620640c",
                "sha256:742645059757a56ecd886faf4ed2441b9c0cd406079c2b4bee51bcc3fbcd510a",
                "sha256:7bdfdadb5994b44bd5579cfa7c9b0e1b0e540c952d56f627eb227851cda9db77",
                "sha256:815ddebb2792efd4bba5488bc8fde09c29e8ca3227d27cf1c6990fc830fd292b",
                "sha256:8b5ac0f1c83d31b324e57a273da59197c83d1bb18171e512908fe5dc7278a1d6",
                "sha256:96f240bce182ca7fe045c76bcebfa0b0534a1bf402ed05914a6f1dadff91877f",
                "sha256:a733965f1a2b4090a5238d40d983dcd78f3ecea221c7af1497b845a9709c1721",
                "sha256:ab624700dc145aa809e6f3ec93fb8e7d0f99d9023b713f6a953637429b437d37",
                "sha256:b2571db88c636d862b35090ccf92bf24004393f85c8870a37f42d9f23d13e032",
                "sha256:bbbc94d0c94dd80b3340fc4f04fd4d701f4b038ebad72c39693c794fd3bc2d9d",
                "sha256:c0727bda6e38144d464daec31dff936a82917f431d9c39c39c60a26567eae3ed",
                "sha256:c556695b699f648c58373b542534308922c46a1cda06ea47bc9ca45ef5b39ae6",
                "sha256:c86229333cabaaa8c51cf971496f10318c4734cf7b641f08af0a6fbf17ca3054",
                "sha256:c8d7da6f1c1049eefb718d43d99ad73100c958a5367d30b9321b092771e96c25",
                "sha256:c8e9dcf1ac499679aceedac7e7ca6d8641f0193c591a2d090282aaf8e9445a46",
                "sha256:cb23bcc093697cdea2708baae4f9ba0e972960a835af22560f6ae4e7e47d33f5",
                "sha256:d1e4c28f30e767fd07f2ddc6f74f41f034d1dd6bc526cd59e63a82fe8bb9ef4c",
                "sha256:d9c9bdb3af48e242838f9f6e6127de9be7063aad17b32215ccc36a09c5cf1070",
                "sha256:dee5ef83a76ac31ab0c78c10bd7d5437bfdb6358c95b91f1ba7ff7b76f9996a1",
                "sha256:e0896200b6a40197405af18828da49f067c2fa1f821491bc8f5bde241ef3f7d7",
                "sha256:f5a64b64ddf4c99fe201ac2724daada8595ada0d102ab96d019c1555c2d6441d",
                "sha256:f947352c3434e8b937e3aa8f96f47bdfe6d92779e44bb3f41e4c213ba6a32145"
            ],
            "index": "pypi",
            "version": "==1.9.0"
        },
        "pyparsing": {
            "hashes": [
                "sha256:18ee9022775d270c55187733956460083db60b37d0d0fb357445f3094eed3eea",
                "sha256:a6c06a88f252e6c322f65faf8f418b16213b51bdfaece0524c1c1bc30c63c484"
            ],
            "markers": "python_version >= '3.6'",
            "version": "==3.0.7"
        },
        "pytest": {
            "hashes": [
                "sha256:841132caef6b1ad17a9afde46dc4f6cfa59a05f9555aae5151f73bdf2820ca63",
                "sha256:92f723789a8fdd7180b6b06483874feca4c48a5c76968e03bb3e7f806a1869ea"
            ],
            "index": "pypi",
            "version": "==7.1.1"
        },
        "sqlalchemy": {
            "hashes": [
                "sha256:04164e0063feb7aedd9d073db0fd496edb244be40d46ea1f0d8990815e4b8c34",
                "sha256:159c2f69dd6efd28e894f261ffca1100690f28210f34cfcd70b895e0ea7a64f3",
                "sha256:199dc6d0068753b6a8c0bd3aceb86a3e782df118260ebc1fa981ea31ee054674",
                "sha256:1bbac3e8293b34c4403d297e21e8f10d2a57756b75cff101dc62186adec725f5",
                "sha256:20e9eba7fd86ef52e0df25bea83b8b518dfdf0bce09b336cfe51671f52aaaa3f",
                "sha256:290cbdf19129ae520d4bdce392648c6fcdbee763bc8f750b53a5ab51880cb9c9",
                "sha256:316270e5867566376e69a0ac738b863d41396e2b63274616817e1d34156dff0e",
                "sha256:3f88a4ee192142eeed3fe173f673ea6ab1f5a863810a9d85dbf6c67a9bd08f97",
                "sha256:4aa96e957141006181ca58e792e900ee511085b8dae06c2d08c00f108280fb8a",
                "sha256:4b2bcab3a914715d332ca783e9bda13bc570d8b9ef087563210ba63082c18c16",
                "sha256:576684771456d02e24078047c2567025f2011977aa342063468577d94e194b00",
                "sha256:5a2e73508f939175363d8a4be9dcdc84cf16a92578d7fa86e6e4ca0e6b3667b2",
                "sha256:5ba59761c19b800bc2e1c9324da04d35ef51e4ee9621ff37534bc2290d258f71",
                "sha256:5dc9801ae9884e822ba942ca493642fb50f049c06b6dbe3178691fce48ceb089",
                "sha256:6fdd2dc5931daab778c2b65b03df6ae68376e028a3098eb624d0909d999885bc",
                "sha256:708973b5d9e1e441188124aaf13c121e5b03b6054c2df59b32219175a25aa13e",
                "sha256:7ff72b3cc9242d1a1c9b84bd945907bf174d74fc2519efe6184d6390a8df478b",
                "sha256:8679f9aba5ac22e7bce54ccd8a77641d3aea3e2d96e73e4356c887ebf8ff1082",
                "sha256:8b9a395122770a6f08ebfd0321546d7379f43505882c7419d7886856a07caa13",
                "sha256:8e1e5d96b744a4f91163290b01045430f3f32579e46d87282449e5b14d27d4ac",
                "sha256:9a0195af6b9050c9322a97cf07514f66fe511968e623ca87b2df5e3cf6349615",
                "sha256:9cb5698c896fa72f88e7ef04ef62572faf56809093180771d9be8d9f2e264a13",
                "sha256:b3f1d9b3aa09ab9adc7f8c4b40fc3e081eb903054c9a6f9ae1633fe15ae503b4",
                "sha256:bb42f9b259c33662c6a9b866012f6908a91731a419e69304e1261ba3ab87b8d1",
                "sha256:bca714d831e5b8860c3ab134c93aec63d1a4f493bed20084f54e3ce9f0a3bf99",
                "sha256:bedd89c34ab62565d44745212814e4b57ef1c24ad4af9b29c504ce40f0dc6558",
                "sha256:bfec934aac7f9fa95fc82147a4ba5db0a8bdc4ebf1e33b585ab8860beb10232f",
                "sha256:c7046f7aa2db445daccc8424f50b47a66c4039c9f058246b43796aa818f8b751",
                "sha256:d7e483f4791fbda60e23926b098702340504f7684ce7e1fd2c1bf02029288423",
                "sha256:dd93162615870c976dba43963a24bb418b28448fef584f30755990c134a06a55",
                "sha256:e4607d2d16330757818c9d6fba322c2e80b4b112ff24295d1343a80b876eb0ed",
                "sha256:e9a680d9665f88346ed339888781f5236347933906c5a56348abb8261282ec48",
                "sha256:edfcf93fd92e2f9eef640b3a7a40db20fe3c1d7c2c74faa41424c63dead61b76",
                "sha256:f7e4a3c0c3c596296b37f8427c467c8e4336dc8d50f8ed38042e8ba79507b2c9",
                "sha256:fff677fa4522dafb5a5e2c0cf909790d5d367326321aeabc0dffc9047cb235bd"
            ],
            "index": "pypi",
            "version": "==1.4.32"
        },
        "tomli": {
            "hashes": [
                "sha256:939de3e7a6161af0c887ef91b7d41a53e7c5a1ca976325f429cb46ea9bc30ecc",
                "sha256:de526c12914f0c550d15924c62d72abc48d6fe7364aa87328337a31007fe8a4f"
            ],
            "markers": "python_version >= '3.7'",
            "version": "==2.0.1"
        },
        "typing-extensions": {
            "hashes": [
                "sha256:1a9462dcc3347a79b1f1c0271fbe79e844580bb598bafa1ed208b94da3cdcd42",
                "sha256:21c85e0fe4b9a155d0799430b0ad741cdce7e359660ccbd8b530613e8df88ce2"
            ],
            "markers": "python_version >= '3.6'",
            "version": "==4.1.1"
        }
    },
    "develop": {}
}
